# generated by rye
# use `rye lock` or `rye sync` to update this lockfile
#
# last locked with the following flags:
#   pre: false
#   features: []
#   all-features: false
#   with-sources: false
#   generate-hashes: false
#   universal: false

-e file:.
anyio==4.8.0
    # via watchfiles
bleach==6.1.0
    # via panel
bokeh==3.6.0
    # via holoviews
    # via hvplot
    # via panel
certifi==2024.8.30
    # via requests
charset-normalizer==3.3.2
    # via requests
click==8.1.7
    # via coveda
colorcet==3.1.0
    # via holoviews
    # via hvplot
contourpy==1.3.0
    # via bokeh
daiquiri==3.2.5.1
    # via coveda
diskcache==5.6.3
    # via coveda
holoviews==1.20.0
    # via coveda
    # via hvplot
hvplot==0.11.0
    # via coveda
idna==3.10
    # via anyio
    # via requests
jinja2==3.1.4
    # via bokeh
linkify-it-py==2.0.3
    # via panel
markdown==3.7
    # via panel
markdown-it-py==3.0.0
    # via mdit-py-plugins
    # via panel
markupsafe==2.1.5
    # via jinja2
mdit-py-plugins==0.4.2
    # via panel
mdurl==0.1.2
    # via markdown-it-py
numpy==2.1.1
    # via bokeh
    # via contourpy
    # via holoviews
    # via hvplot
    # via pandas
    # via pyd4
    # via scipy
packaging==24.1
    # via bokeh
    # via holoviews
    # via hvplot
    # via panel
pandas==2.2.3
    # via bokeh
    # via holoviews
    # via hvplot
    # via panel
panel==1.6.0
    # via coveda
    # via holoviews
    # via hvplot
param==2.1.1
    # via holoviews
    # via hvplot
    # via panel
    # via pyviz-comms
pillow==10.4.0
    # via bokeh
pyd4==0.3.9
    # via coveda
python-dateutil==2.9.0.post0
    # via pandas
python-json-logger==2.0.7
    # via daiquiri
pytz==2024.2
    # via pandas
pyviz-comms==3.0.3
    # via holoviews
    # via panel
pyyaml==6.0.2
    # via bokeh
requests==2.32.3
    # via panel
scipy==1.14.1
    # via coveda
six==1.16.0
    # via bleach
    # via python-dateutil
sniffio==1.3.1
    # via anyio
tornado==6.4.1
    # via bokeh
tqdm==4.66.5
    # via panel
typing-extensions==4.12.2
    # via anyio
    # via panel
tzdata==2024.2
    # via pandas
uc-micro-py==1.0.3
    # via linkify-it-py
urllib3==2.2.3
    # via requests
watchfiles==1.0.4
    # via coveda
webencodings==0.5.1
    # via bleach
xyzservices==2024.9.0
    # via bokeh
